
Microsoft Visual Studio Solution File, Format Version 12.00
# Visual Studio Version 17
VisualStudioVersion = 17.2.32616.157
MinimumVisualStudioVersion = 10.0.40219.1
Project("{9A19103F-16F7-4668-BE54-9A1E7A4F7556}") = "WpfApp3", "WpfApp3\WpfApp3.csproj", "{02935A19-AD46-4DFC-82C2-80E6BB66839D}"
EndProject
Global
	GlobalSection(SolutionConfigurationPlatforms) = preSolution
		Debug|Any CPU = Debug|Any CPU
		Debug|x64 = Debug|x64
		Release|Any CPU = Release|Any CPU
		Release|x64 = Release|x64
	EndGlobalSection
	GlobalSection(ProjectConfigurationPlatforms) = postSolution
		{02935A19-AD46-4DFC-82C2-80E6BB66839D}.Debug|Any CPU.ActiveCfg = Debug|Any CPU
		{02935A19-AD46-4DFC-82C2-80E6BB66839D}.Debug|Any CPU.Build.0 = Debug|Any CPU
		{02935A19-AD46-4DFC-82C2-80E6BB66839D}.Debug|x64.ActiveCfg = Debug|x64
		{02935A19-AD46-4DFC-82C2-80E6BB66839D}.Debug|x64.Build.0 = Debug|x64
		{02935A19-AD46-4DFC-82C2-80E6BB66839D}.Release|Any CPU.ActiveCfg = Release|Any CPU
		{02935A19-AD46-4DFC-82C2-80E6BB66839D}.Release|x64.ActiveCfg = Release|x64
		{02935A19-AD46-4DFC-82C2-80E6BB66839D}.Release|x64.Build.0 = Release|x64
	EndGlobalSection
	GlobalSection(SolutionProperties) = preSolution
		HideSolutionNode = FALSE
	EndGlobalSection
	GlobalSection(ExtensibilityGlobals) = postSolution
		SolutionGuid = {6EB8C0C7-D590-441E-9554-2F9C2001F498}
	EndGlobalSection
EndGlobal
